
Microsoft Visual Studio Solution File, Format Version 12.00
# Visual Studio 15
VisualStudioVersion = 15.0.27130.2036
MinimumVisualStudioVersion = 10.0.40219.1
Project("{2150E333-8FDC-42A3-9474-1A3956D46DE8}") = "AspNetCore", "AspNetCore", "{A7896024-1DFF-461B-B2DA-B7B7DAF57A28}"
EndProject
Project("{2150E333-8FDC-42A3-9474-1A3956D46DE8}") = "Components", "Components", "{5377C279-536C-4B78-8167-211107594F13}"
EndProject
Project("{9A19103F-16F7-4668-BE54-9A1E7A4F7556}") = "Alipay.Tools", "AspNetCore\Components\Tools\Alipay.Tools.csproj", "{D4FF4686-B6FE-4899-BA72-4625B43BF2ED}"
EndProject
Project("{2150E333-8FDC-42A3-9474-1A3956D46DE8}") = "Web", "Web", "{F2B34629-9A30-4462-995C-574BCE8A8C4F}"
EndProject
Project("{9A19103F-16F7-4668-BE54-9A1E7A4F7556}") = "Alipay.Web", "AspNetCore\Web\Alipay.Web.csproj", "{DEA1CE34-CE1A-4F90-9AF7-18E55E413959}"
EndProject
Project("{2150E333-8FDC-42A3-9474-1A3956D46DE8}") = "AspNet", "AspNet", "{5D4470BC-8A85-42AA-A131-3BAE352F31E1}"
EndProject
Project("{2150E333-8FDC-42A3-9474-1A3956D46DE8}") = "Module", "Module", "{CE1EEC83-3E6C-4BF1-AFD7-034443C4D933}"
EndProject
Project("{2150E333-8FDC-42A3-9474-1A3956D46DE8}") = "Ailpay", "Ailpay", "{735874E2-1C2E-41D0-8E02-5B09B852D0ED}"
EndProject
Project("{2150E333-8FDC-42A3-9474-1A3956D46DE8}") = "Components", "Components", "{0B62B45F-499E-4646-B728-9D5F524C9B2B}"
EndProject
Project("{FAE04EC0-301F-11D3-BF4B-00C04F79EFBC}") = "AopSdk", "AspNet\Module\Ailpay\AopSdk.csproj", "{9C11CAE5-5188-4E71-825B-68FC3135728A}"
EndProject
Project("{2150E333-8FDC-42A3-9474-1A3956D46DE8}") = "Web", "Web", "{43A89209-ECAC-461F-8F48-EEDEE179386B}"
EndProject
Project("{FAE04EC0-301F-11D3-BF4B-00C04F79EFBC}") = "PayWeb", "AspNet\Web\PayWeb.csproj", "{FB719B29-99D0-4E00-999F-E2A13F57B64A}"
EndProject
Project("{2150E333-8FDC-42A3-9474-1A3956D46DE8}") = "F2FPayDll", "F2FPayDll", "{9FE97B5B-CC89-4AB4-BA09-FE74520F016F}"
EndProject
Project("{FAE04EC0-301F-11D3-BF4B-00C04F79EFBC}") = "F2FPayDll", "AspNet\Module\F2FPayDll\F2FPayDll.csproj", "{EC6DA18D-0532-4E73-BA69-A575A724C8BB}"
EndProject
Project("{FAE04EC0-301F-11D3-BF4B-00C04F79EFBC}") = "Tools", "AspNet\Components\Tools\Tools.csproj", "{D78FFB7C-073B-428F-91D8-AE2FB579F947}"
EndProject
Global
	GlobalSection(SolutionConfigurationPlatforms) = preSolution
		Debug|Any CPU = Debug|Any CPU
		Release|Any CPU = Release|Any CPU
	EndGlobalSection
	GlobalSection(ProjectConfigurationPlatforms) = postSolution
		{D4FF4686-B6FE-4899-BA72-4625B43BF2ED}.Debug|Any CPU.ActiveCfg = Debug|Any CPU
		{D4FF4686-B6FE-4899-BA72-4625B43BF2ED}.Debug|Any CPU.Build.0 = Debug|Any CPU
		{D4FF4686-B6FE-4899-BA72-4625B43BF2ED}.Release|Any CPU.ActiveCfg = Release|Any CPU
		{D4FF4686-B6FE-4899-BA72-4625B43BF2ED}.Release|Any CPU.Build.0 = Release|Any CPU
		{DEA1CE34-CE1A-4F90-9AF7-18E55E413959}.Debug|Any CPU.ActiveCfg = Debug|Any CPU
		{DEA1CE34-CE1A-4F90-9AF7-18E55E413959}.Debug|Any CPU.Build.0 = Debug|Any CPU
		{DEA1CE34-CE1A-4F90-9AF7-18E55E413959}.Release|Any CPU.ActiveCfg = Release|Any CPU
		{DEA1CE34-CE1A-4F90-9AF7-18E55E413959}.Release|Any CPU.Build.0 = Release|Any CPU
		{9C11CAE5-5188-4E71-825B-68FC3135728A}.Debug|Any CPU.ActiveCfg = Debug|Any CPU
		{9C11CAE5-5188-4E71-825B-68FC3135728A}.Debug|Any CPU.Build.0 = Debug|Any CPU
		{9C11CAE5-5188-4E71-825B-68FC3135728A}.Release|Any CPU.ActiveCfg = Release|Any CPU
		{9C11CAE5-5188-4E71-825B-68FC3135728A}.Release|Any CPU.Build.0 = Release|Any CPU
		{FB719B29-99D0-4E00-999F-E2A13F57B64A}.Debug|Any CPU.ActiveCfg = Debug|Any CPU
		{FB719B29-99D0-4E00-999F-E2A13F57B64A}.Debug|Any CPU.Build.0 = Debug|Any CPU
		{FB719B29-99D0-4E00-999F-E2A13F57B64A}.Release|Any CPU.ActiveCfg = Release|Any CPU
		{FB719B29-99D0-4E00-999F-E2A13F57B64A}.Release|Any CPU.Build.0 = Release|Any CPU
		{EC6DA18D-0532-4E73-BA69-A575A724C8BB}.Debug|Any CPU.ActiveCfg = Debug|Any CPU
		{EC6DA18D-0532-4E73-BA69-A575A724C8BB}.Debug|Any CPU.Build.0 = Debug|Any CPU
		{EC6DA18D-0532-4E73-BA69-A575A724C8BB}.Release|Any CPU.ActiveCfg = Release|Any CPU
		{EC6DA18D-0532-4E73-BA69-A575A724C8BB}.Release|Any CPU.Build.0 = Release|Any CPU
		{D78FFB7C-073B-428F-91D8-AE2FB579F947}.Debug|Any CPU.ActiveCfg = Debug|Any CPU
		{D78FFB7C-073B-428F-91D8-AE2FB579F947}.Debug|Any CPU.Build.0 = Debug|Any CPU
		{D78FFB7C-073B-428F-91D8-AE2FB579F947}.Release|Any CPU.ActiveCfg = Release|Any CPU
		{D78FFB7C-073B-428F-91D8-AE2FB579F947}.Release|Any CPU.Build.0 = Release|Any CPU
	EndGlobalSection
	GlobalSection(SolutionProperties) = preSolution
		HideSolutionNode = FALSE
	EndGlobalSection
	GlobalSection(NestedProjects) = preSolution
		{5377C279-536C-4B78-8167-211107594F13} = {A7896024-1DFF-461B-B2DA-B7B7DAF57A28}
		{D4FF4686-B6FE-4899-BA72-4625B43BF2ED} = {5377C279-536C-4B78-8167-211107594F13}
		{F2B34629-9A30-4462-995C-574BCE8A8C4F} = {A7896024-1DFF-461B-B2DA-B7B7DAF57A28}
		{DEA1CE34-CE1A-4F90-9AF7-18E55E413959} = {F2B34629-9A30-4462-995C-574BCE8A8C4F}
		{CE1EEC83-3E6C-4BF1-AFD7-034443C4D933} = {5D4470BC-8A85-42AA-A131-3BAE352F31E1}
		{735874E2-1C2E-41D0-8E02-5B09B852D0ED} = {CE1EEC83-3E6C-4BF1-AFD7-034443C4D933}
		{0B62B45F-499E-4646-B728-9D5F524C9B2B} = {5D4470BC-8A85-42AA-A131-3BAE352F31E1}
		{9C11CAE5-5188-4E71-825B-68FC3135728A} = {735874E2-1C2E-41D0-8E02-5B09B852D0ED}
		{43A89209-ECAC-461F-8F48-EEDEE179386B} = {5D4470BC-8A85-42AA-A131-3BAE352F31E1}
		{FB719B29-99D0-4E00-999F-E2A13F57B64A} = {43A89209-ECAC-461F-8F48-EEDEE179386B}
		{9FE97B5B-CC89-4AB4-BA09-FE74520F016F} = {CE1EEC83-3E6C-4BF1-AFD7-034443C4D933}
		{EC6DA18D-0532-4E73-BA69-A575A724C8BB} = {9FE97B5B-CC89-4AB4-BA09-FE74520F016F}
		{D78FFB7C-073B-428F-91D8-AE2FB579F947} = {0B62B45F-499E-4646-B728-9D5F524C9B2B}
	EndGlobalSection
	GlobalSection(ExtensibilityGlobals) = postSolution
		SolutionGuid = {C8A14917-8D56-4961-B59E-D7EEFFB64425}
	EndGlobalSection
EndGlobal
